
Microsoft Visual Studio Solution File, Format Version 12.00
# Visual Studio Version 17
VisualStudioVersion = 17.7.34202.233
MinimumVisualStudioVersion = 10.0.40219.1
Project("{FAE04EC0-301F-11D3-BF4B-00C04F79EFBC}") = "YourNotesApp.Android", "YourNotesApp\YourNotesApp.Android\YourNotesApp.Android.csproj", "{7D2716F7-850F-4F7A-87A9-9B602241788F}"
EndProject
Project("{FAE04EC0-301F-11D3-BF4B-00C04F79EFBC}") = "YourNotesApp.iOS", "YourNotesApp\YourNotesApp.iOS\YourNotesApp.iOS.csproj", "{C030E705-A4F1-43B6-9E17-1F7DD77449DB}"
EndProject
Project("{FAE04EC0-301F-11D3-BF4B-00C04F79EFBC}") = "YourNotesApp", "YourNotesApp\YourNotesApp\YourNotesApp.csproj", "{AB2A404C-88D4-40D5-A3AF-38C55109A352}"
EndProject
Global
	GlobalSection(SolutionConfigurationPlatforms) = preSolution
		Debug|Any CPU = Debug|Any CPU
		Debug|iPhone = Debug|iPhone
		Debug|iPhoneSimulator = Debug|iPhoneSimulator
		Release|Any CPU = Release|Any CPU
		Release|iPhone = Release|iPhone
		Release|iPhoneSimulator = Release|iPhoneSimulator
	EndGlobalSection
	GlobalSection(ProjectConfigurationPlatforms) = postSolution
		{7D2716F7-850F-4F7A-87A9-9B602241788F}.Debug|Any CPU.ActiveCfg = Debug|Any CPU
		{7D2716F7-850F-4F7A-87A9-9B602241788F}.Debug|Any CPU.Build.0 = Debug|Any CPU
		{7D2716F7-850F-4F7A-87A9-9B602241788F}.Debug|Any CPU.Deploy.0 = Debug|Any CPU
		{7D2716F7-850F-4F7A-87A9-9B602241788F}.Debug|iPhone.ActiveCfg = Debug|Any CPU
		{7D2716F7-850F-4F7A-87A9-9B602241788F}.Debug|iPhone.Build.0 = Debug|Any CPU
		{7D2716F7-850F-4F7A-87A9-9B602241788F}.Debug|iPhone.Deploy.0 = Debug|Any CPU
		{7D2716F7-850F-4F7A-87A9-9B602241788F}.Debug|iPhoneSimulator.ActiveCfg = Debug|Any CPU
		{7D2716F7-850F-4F7A-87A9-9B602241788F}.Debug|iPhoneSimulator.Build.0 = Debug|Any CPU
		{7D2716F7-850F-4F7A-87A9-9B602241788F}.Debug|iPhoneSimulator.Deploy.0 = Debug|Any CPU
		{7D2716F7-850F-4F7A-87A9-9B602241788F}.Release|Any CPU.ActiveCfg = Release|Any CPU
		{7D2716F7-850F-4F7A-87A9-9B602241788F}.Release|Any CPU.Build.0 = Release|Any CPU
		{7D2716F7-850F-4F7A-87A9-9B602241788F}.Release|Any CPU.Deploy.0 = Release|Any CPU
		{7D2716F7-850F-4F7A-87A9-9B602241788F}.Release|iPhone.ActiveCfg = Release|Any CPU
		{7D2716F7-850F-4F7A-87A9-9B602241788F}.Release|iPhone.Build.0 = Release|Any CPU
		{7D2716F7-850F-4F7A-87A9-9B602241788F}.Release|iPhone.Deploy.0 = Release|Any CPU
		{7D2716F7-850F-4F7A-87A9-9B602241788F}.Release|iPhoneSimulator.ActiveCfg = Release|Any CPU
		{7D2716F7-850F-4F7A-87A9-9B602241788F}.Release|iPhoneSimulator.Build.0 = Release|Any CPU
		{7D2716F7-850F-4F7A-87A9-9B602241788F}.Release|iPhoneSimulator.Deploy.0 = Release|Any CPU
		{C030E705-A4F1-43B6-9E17-1F7DD77449DB}.Debug|Any CPU.ActiveCfg = Debug|iPhone
		{C030E705-A4F1-43B6-9E17-1F7DD77449DB}.Debug|Any CPU.Build.0 = Debug|iPhone
		{C030E705-A4F1-43B6-9E17-1F7DD77449DB}.Debug|Any CPU.Deploy.0 = Debug|iPhone
		{C030E705-A4F1-43B6-9E17-1F7DD77449DB}.Debug|iPhone.ActiveCfg = Debug|iPhone
		{C030E705-A4F1-43B6-9E17-1F7DD77449DB}.Debug|iPhone.Build.0 = Debug|iPhone
		{C030E705-A4F1-43B6-9E17-1F7DD77449DB}.Debug|iPhone.Deploy.0 = Debug|iPhone
		{C030E705-A4F1-43B6-9E17-1F7DD77449DB}.Debug|iPhoneSimulator.ActiveCfg = Debug|iPhoneSimulator
		{C030E705-A4F1-43B6-9E17-1F7DD77449DB}.Debug|iPhoneSimulator.Build.0 = Debug|iPhoneSimulator
		{C030E705-A4F1-43B6-9E17-1F7DD77449DB}.Debug|iPhoneSimulator.Deploy.0 = Debug|iPhoneSimulator
		{C030E705-A4F1-43B6-9E17-1F7DD77449DB}.Release|Any CPU.ActiveCfg = Release|iPhoneSimulator
		{C030E705-A4F1-43B6-9E17-1F7DD77449DB}.Release|Any CPU.Build.0 = Release|iPhoneSimulator
		{C030E705-A4F1-43B6-9E17-1F7DD77449DB}.Release|Any CPU.Deploy.0 = Release|iPhoneSimulator
		{C030E705-A4F1-43B6-9E17-1F7DD77449DB}.Release|iPhone.ActiveCfg = Release|iPhone
		{C030E705-A4F1-43B6-9E17-1F7DD77449DB}.Release|iPhone.Build.0 = Release|iPhone
		{C030E705-A4F1-43B6-9E17-1F7DD77449DB}.Release|iPhone.Deploy.0 = Release|iPhone
		{C030E705-A4F1-43B6-9E17-1F7DD77449DB}.Release|iPhoneSimulator.ActiveCfg = Release|iPhoneSimulator
		{C030E705-A4F1-43B6-9E17-1F7DD77449DB}.Release|iPhoneSimulator.Build.0 = Release|iPhoneSimulator
		{C030E705-A4F1-43B6-9E17-1F7DD77449DB}.Release|iPhoneSimulator.Deploy.0 = Release|iPhoneSimulator
		{AB2A404C-88D4-40D5-A3AF-38C55109A352}.Debug|Any CPU.ActiveCfg = Debug|Any CPU
		{AB2A404C-88D4-40D5-A3AF-38C55109A352}.Debug|Any CPU.Build.0 = Debug|Any CPU
		{AB2A404C-88D4-40D5-A3AF-38C55109A352}.Debug|Any CPU.Deploy.0 = Debug|Any CPU
		{AB2A404C-88D4-40D5-A3AF-38C55109A352}.Debug|iPhone.ActiveCfg = Debug|Any CPU
		{AB2A404C-88D4-40D5-A3AF-38C55109A352}.Debug|iPhone.Build.0 = Debug|Any CPU
		{AB2A404C-88D4-40D5-A3AF-38C55109A352}.Debug|iPhone.Deploy.0 = Debug|Any CPU
		{AB2A404C-88D4-40D5-A3AF-38C55109A352}.Debug|iPhoneSimulator.ActiveCfg = Debug|Any CPU
		{AB2A404C-88D4-40D5-A3AF-38C55109A352}.Debug|iPhoneSimulator.Build.0 = Debug|Any CPU
		{AB2A404C-88D4-40D5-A3AF-38C55109A352}.Debug|iPhoneSimulator.Deploy.0 = Debug|Any CPU
		{AB2A404C-88D4-40D5-A3AF-38C55109A352}.Release|Any CPU.ActiveCfg = Release|Any CPU
		{AB2A404C-88D4-40D5-A3AF-38C55109A352}.Release|Any CPU.Build.0 = Release|Any CPU
		{AB2A404C-88D4-40D5-A3AF-38C55109A352}.Release|Any CPU.Deploy.0 = Release|Any CPU
		{AB2A404C-88D4-40D5-A3AF-38C55109A352}.Release|iPhone.ActiveCfg = Release|Any CPU
		{AB2A404C-88D4-40D5-A3AF-38C55109A352}.Release|iPhone.Build.0 = Release|Any CPU
		{AB2A404C-88D4-40D5-A3AF-38C55109A352}.Release|iPhone.Deploy.0 = Release|Any CPU
		{AB2A404C-88D4-40D5-A3AF-38C55109A352}.Release|iPhoneSimulator.ActiveCfg = Release|Any CPU
		{AB2A404C-88D4-40D5-A3AF-38C55109A352}.Release|iPhoneSimulator.Build.0 = Release|Any CPU
		{AB2A404C-88D4-40D5-A3AF-38C55109A352}.Release|iPhoneSimulator.Deploy.0 = Release|Any CPU
	EndGlobalSection
	GlobalSection(SolutionProperties) = preSolution
		HideSolutionNode = FALSE
	EndGlobalSection
	GlobalSection(ExtensibilityGlobals) = postSolution
		SolutionGuid = {88A1E7A4-4875-4B5E-A722-097EC396C58F}
	EndGlobalSection
EndGlobal
